
Microsoft Visual Studio Solution File, Format Version 12.00
# Visual Studio Version 16
VisualStudioVersion = 16.0.30204.135
MinimumVisualStudioVersion = 10.0.40219.1
Project("{11A8DD76-328B-46DF-9F39-F559912D0360}") = "00.ShieldSerial", "ShieldSerial\00.ShieldSerial.nfproj", "{A326A4DC-F42C-421D-A7A4-BC70D15B609F}"
EndProject
Project("{11A8DD76-328B-46DF-9F39-F559912D0360}") = "01.FactoryReset", "FactoryReset\01.FactoryReset.nfproj", "{93B1CCCD-40F1-4CD2-A447-1ECB7C362261}"
EndProject
Project("{11A8DD76-328B-46DF-9F39-F559912D0360}") = "02.NetworkJoinOTAA", "NetworkJoinOTAA\02.NetworkJoinOTAA.nfproj", "{80C45307-9B83-41EA-8A44-DCFD6880E8A7}"
EndProject
Project("{11A8DD76-328B-46DF-9F39-F559912D0360}") = "NetworkJoinABP", "NetworkJoinABP\NetworkJoinABP.nfproj", "{A2226F86-3231-4D26-A41C-A0DE8AB475FC}"
EndProject
Global
	GlobalSection(SolutionConfigurationPlatforms) = preSolution
		Debug|Any CPU = Debug|Any CPU
		Release|Any CPU = Release|Any CPU
	EndGlobalSection
	GlobalSection(ProjectConfigurationPlatforms) = postSolution
		{A326A4DC-F42C-421D-A7A4-BC70D15B609F}.Debug|Any CPU.ActiveCfg = Debug|Any CPU
		{A326A4DC-F42C-421D-A7A4-BC70D15B609F}.Debug|Any CPU.Build.0 = Debug|Any CPU
		{A326A4DC-F42C-421D-A7A4-BC70D15B609F}.Debug|Any CPU.Deploy.0 = Debug|Any CPU
		{A326A4DC-F42C-421D-A7A4-BC70D15B609F}.Release|Any CPU.ActiveCfg = Release|Any CPU
		{A326A4DC-F42C-421D-A7A4-BC70D15B609F}.Release|Any CPU.Build.0 = Release|Any CPU
		{A326A4DC-F42C-421D-A7A4-BC70D15B609F}.Release|Any CPU.Deploy.0 = Release|Any CPU
		{93B1CCCD-40F1-4CD2-A447-1ECB7C362261}.Debug|Any CPU.ActiveCfg = Debug|Any CPU
		{93B1CCCD-40F1-4CD2-A447-1ECB7C362261}.Debug|Any CPU.Build.0 = Debug|Any CPU
		{93B1CCCD-40F1-4CD2-A447-1ECB7C362261}.Debug|Any CPU.Deploy.0 = Debug|Any CPU
		{93B1CCCD-40F1-4CD2-A447-1ECB7C362261}.Release|Any CPU.ActiveCfg = Release|Any CPU
		{93B1CCCD-40F1-4CD2-A447-1ECB7C362261}.Release|Any CPU.Build.0 = Release|Any CPU
		{93B1CCCD-40F1-4CD2-A447-1ECB7C362261}.Release|Any CPU.Deploy.0 = Release|Any CPU
		{80C45307-9B83-41EA-8A44-DCFD6880E8A7}.Debug|Any CPU.ActiveCfg = Debug|Any CPU
		{80C45307-9B83-41EA-8A44-DCFD6880E8A7}.Debug|Any CPU.Build.0 = Debug|Any CPU
		{80C45307-9B83-41EA-8A44-DCFD6880E8A7}.Debug|Any CPU.Deploy.0 = Debug|Any CPU
		{80C45307-9B83-41EA-8A44-DCFD6880E8A7}.Release|Any CPU.ActiveCfg = Release|Any CPU
		{80C45307-9B83-41EA-8A44-DCFD6880E8A7}.Release|Any CPU.Build.0 = Release|Any CPU
		{80C45307-9B83-41EA-8A44-DCFD6880E8A7}.Release|Any CPU.Deploy.0 = Release|Any CPU
		{A2226F86-3231-4D26-A41C-A0DE8AB475FC}.Debug|Any CPU.ActiveCfg = Debug|Any CPU
		{A2226F86-3231-4D26-A41C-A0DE8AB475FC}.Debug|Any CPU.Build.0 = Debug|Any CPU
		{A2226F86-3231-4D26-A41C-A0DE8AB475FC}.Debug|Any CPU.Deploy.0 = Debug|Any CPU
		{A2226F86-3231-4D26-A41C-A0DE8AB475FC}.Release|Any CPU.ActiveCfg = Release|Any CPU
		{A2226F86-3231-4D26-A41C-A0DE8AB475FC}.Release|Any CPU.Build.0 = Release|Any CPU
		{A2226F86-3231-4D26-A41C-A0DE8AB475FC}.Release|Any CPU.Deploy.0 = Release|Any CPU
	EndGlobalSection
	GlobalSection(SolutionProperties) = preSolution
		HideSolutionNode = FALSE
	EndGlobalSection
	GlobalSection(ExtensibilityGlobals) = postSolution
		SolutionGuid = {7F79722A-B7BD-4C6E-BAE3-4FC35840EC83}
	EndGlobalSection
EndGlobal
